
Microsoft Visual Studio Solution File, Format Version 12.00
# Visual Studio 15
VisualStudioVersion = 15.0.28307.572
MinimumVisualStudioVersion = 10.0.40219.1
Project("{9A19103F-16F7-4668-BE54-9A1E7A4F7556}") = "WebClient", "WebClient\WebClient.csproj", "{F291C39C-D428-4605-B7F2-59422D377C02}"
EndProject
Project("{9A19103F-16F7-4668-BE54-9A1E7A4F7556}") = "Chronos.Data", "Data\Chronos.Data.csproj", "{6364EF84-E299-4D62-B32D-D219944C7B2B}"
EndProject
Project("{9A19103F-16F7-4668-BE54-9A1E7A4F7556}") = "Domain", "Domain\Domain.csproj", "{E2695DB9-04D3-4A42-ABA9-C54887D102A5}"
EndProject
Project("{9A19103F-16F7-4668-BE54-9A1E7A4F7556}") = "Chronos.Services", "Services\Chronos.Services.csproj", "{786B486C-875D-49AE-8133-F1678E98C22D}"
EndProject
Global
	GlobalSection(SolutionConfigurationPlatforms) = preSolution
		Debug|Any CPU = Debug|Any CPU
		Release|Any CPU = Release|Any CPU
	EndGlobalSection
	GlobalSection(ProjectConfigurationPlatforms) = postSolution
		{F291C39C-D428-4605-B7F2-59422D377C02}.Debug|Any CPU.ActiveCfg = Debug|Any CPU
		{F291C39C-D428-4605-B7F2-59422D377C02}.Debug|Any CPU.Build.0 = Debug|Any CPU
		{F291C39C-D428-4605-B7F2-59422D377C02}.Release|Any CPU.ActiveCfg = Release|Any CPU
		{F291C39C-D428-4605-B7F2-59422D377C02}.Release|Any CPU.Build.0 = Release|Any CPU
		{6364EF84-E299-4D62-B32D-D219944C7B2B}.Debug|Any CPU.ActiveCfg = Debug|Any CPU
		{6364EF84-E299-4D62-B32D-D219944C7B2B}.Debug|Any CPU.Build.0 = Debug|Any CPU
		{6364EF84-E299-4D62-B32D-D219944C7B2B}.Release|Any CPU.ActiveCfg = Release|Any CPU
		{6364EF84-E299-4D62-B32D-D219944C7B2B}.Release|Any CPU.Build.0 = Release|Any CPU
		{E2695DB9-04D3-4A42-ABA9-C54887D102A5}.Debug|Any CPU.ActiveCfg = Debug|Any CPU
		{E2695DB9-04D3-4A42-ABA9-C54887D102A5}.Debug|Any CPU.Build.0 = Debug|Any CPU
		{E2695DB9-04D3-4A42-ABA9-C54887D102A5}.Release|Any CPU.ActiveCfg = Release|Any CPU
		{E2695DB9-04D3-4A42-ABA9-C54887D102A5}.Release|Any CPU.Build.0 = Release|Any CPU
		{786B486C-875D-49AE-8133-F1678E98C22D}.Debug|Any CPU.ActiveCfg = Debug|Any CPU
		{786B486C-875D-49AE-8133-F1678E98C22D}.Debug|Any CPU.Build.0 = Debug|Any CPU
		{786B486C-875D-49AE-8133-F1678E98C22D}.Release|Any CPU.ActiveCfg = Release|Any CPU
		{786B486C-875D-49AE-8133-F1678E98C22D}.Release|Any CPU.Build.0 = Release|Any CPU
	EndGlobalSection
	GlobalSection(SolutionProperties) = preSolution
		HideSolutionNode = FALSE
	EndGlobalSection
	GlobalSection(ExtensibilityGlobals) = postSolution
		SolutionGuid = {DEC254E3-7281-4CB6-A1EE-FE315EEAADD7}
	EndGlobalSection
EndGlobal
